{
  "name": "slide-wb",
  "version": "1.0.0",
  "lockfileVersion": 3,
  "requires": true,
  "packages": {
    "": {
      "name": "slide-wb",
      "version": "1.0.0",
      "license": "MIT",
      "dependencies": {
        "slide-wb": "^1.0.0"
      }
    },
    "node_modules/slide-wb": {
      "version": "1.0.0",
      "resolved": "https://registry.npmjs.org/slide-wb/-/slide-wb-1.0.0.tgz",
      "integrity": "sha512-cmgkAJs04nU6AN4bwo79emNoWWA7b5xJMFwFBhtWLAPQx9DFVBOqJe5QqNWVMdTeFjVbARN4x7qLdlWfb7GotA=="
    }
  }
}
